
Microsoft Visual Studio Solution File, Format Version 12.00
# Visual Studio Version 17
VisualStudioVersion = 17.5.002.0
MinimumVisualStudioVersion = 10.0.40219.1
Project("{9A19103F-16F7-4668-BE54-9A1E7A4F7556}") = "ese01", "ese01.csproj", "{074E82BE-B452-406B-90EA-2D5B2900ADFE}"
EndProject
Global
	GlobalSection(SolutionConfigurationPlatforms) = preSolution
		Debug|Any CPU = Debug|Any CPU
		Release|Any CPU = Release|Any CPU
	EndGlobalSection
	GlobalSection(ProjectConfigurationPlatforms) = postSolution
		{074E82BE-B452-406B-90EA-2D5B2900ADFE}.Debug|Any CPU.ActiveCfg = Debug|Any CPU
		{074E82BE-B452-406B-90EA-2D5B2900ADFE}.Debug|Any CPU.Build.0 = Debug|Any CPU
		{074E82BE-B452-406B-90EA-2D5B2900ADFE}.Release|Any CPU.ActiveCfg = Release|Any CPU
		{074E82BE-B452-406B-90EA-2D5B2900ADFE}.Release|Any CPU.Build.0 = Release|Any CPU
	EndGlobalSection
	GlobalSection(SolutionProperties) = preSolution
		HideSolutionNode = FALSE
	EndGlobalSection
	GlobalSection(ExtensibilityGlobals) = postSolution
		SolutionGuid = {E0E81385-324D-4A8D-B218-A34D7EFAE861}
	EndGlobalSection
EndGlobal
